
Microsoft Visual Studio Solution File, Format Version 12.00
# Visual Studio Version 17
VisualStudioVersion = 17.9.34607.119
MinimumVisualStudioVersion = 10.0.40219.1
Project("{FAE04EC0-301F-11D3-BF4B-00C04F79EFBC}") = "Backend", "Backend\Backend.csproj", "{94BCDC48-D59D-40A9-82DD-8291D823852A}"
EndProject
Global
	GlobalSection(SolutionConfigurationPlatforms) = preSolution
		Debug|Any CPU = Debug|Any CPU
		Release|Any CPU = Release|Any CPU
	EndGlobalSection
	GlobalSection(ProjectConfigurationPlatforms) = postSolution
		{94BCDC48-D59D-40A9-82DD-8291D823852A}.Debug|Any CPU.ActiveCfg = Debug|Any CPU
		{94BCDC48-D59D-40A9-82DD-8291D823852A}.Debug|Any CPU.Build.0 = Debug|Any CPU
		{94BCDC48-D59D-40A9-82DD-8291D823852A}.Release|Any CPU.ActiveCfg = Release|Any CPU
		{94BCDC48-D59D-40A9-82DD-8291D823852A}.Release|Any CPU.Build.0 = Release|Any CPU
	EndGlobalSection
	GlobalSection(SolutionProperties) = preSolution
		HideSolutionNode = FALSE
	EndGlobalSection
	GlobalSection(ExtensibilityGlobals) = postSolution
		SolutionGuid = {0CEC0504-3546-4F34-A230-CDA51657A78B}
	EndGlobalSection
EndGlobal
